// !$*UTF8*$!
{
	archiveVersion = 1;
	classes = {
	};
	objectVersion = 50;
	objects = {

/* Begin PBXBuildFile section */
		6E12D63022A9115F004B8BCF /* AppDelegate.swift in Sources */ = {isa = PBXBuildFile; fileRef = 6E12D62F22A9115F004B8BCF /* AppDelegate.swift */; };
		6E12D63722A91161004B8BCF /* Assets.xcassets in Resources */ = {isa = PBXBuildFile; fileRef = 6E12D63622A91161004B8BCF /* Assets.xcassets */; };
		6E12D63A22A91161004B8BCF /* LaunchScreen.storyboard in Resources */ = {isa = PBXBuildFile; fileRef = 6E12D63822A91161004B8BCF /* LaunchScreen.storyboard */; };
		6E12D64522A91161004B8BCF /* ProofOfConceptsTests.swift in Sources */ = {isa = PBXBuildFile; fileRef = 6E12D64422A91161004B8BCF /* ProofOfConceptsTests.swift */; };
		6E12D66622A912EA004B8BCF /* String+Additions.swift in Sources */ = {isa = PBXBuildFile; fileRef = 6E12D66522A912E9004B8BCF /* String+Additions.swift */; };
		6E12D66822A912F2004B8BCF /* Photo.swift in Sources */ = {isa = PBXBuildFile; fileRef = 6E12D66722A912F2004B8BCF /* Photo.swift */; };
		6E12D66E22A912FC004B8BCF /* RequestEndPoint.swift in Sources */ = {isa = PBXBuildFile; fileRef = 6E12D66922A912FC004B8BCF /* RequestEndPoint.swift */; };
		6E12D66F22A912FC004B8BCF /* RequestManager.swift in Sources */ = {isa = PBXBuildFile; fileRef = 6E12D66A22A912FC004B8BCF /* RequestManager.swift */; };
		6E12D67022A912FC004B8BCF /* RequestPerformer.swift in Sources */ = {isa = PBXBuildFile; fileRef = 6E12D66B22A912FC004B8BCF /* RequestPerformer.swift */; };
		6E12D67122A912FC004B8BCF /* ReachabilityManager.swift in Sources */ = {isa = PBXBuildFile; fileRef = 6E12D66C22A912FC004B8BCF /* ReachabilityManager.swift */; };
		6E12D67222A912FC004B8BCF /* ResponseParser.swift in Sources */ = {isa = PBXBuildFile; fileRef = 6E12D66D22A912FC004B8BCF /* ResponseParser.swift */; };
		6E12D67422A913E7004B8BCF /* Constants.swift in Sources */ = {isa = PBXBuildFile; fileRef = 6E12D67322A913E7004B8BCF /* Constants.swift */; };
		6E12D67622A9140E004B8BCF /* PhotoCell.swift in Sources */ = {isa = PBXBuildFile; fileRef = 6E12D67522A9140E004B8BCF /* PhotoCell.swift */; };
		6E12D67922A9141A004B8BCF /* PhotoCollectionViewController.swift in Sources */ = {isa = PBXBuildFile; fileRef = 6E12D67722A9141A004B8BCF /* PhotoCollectionViewController.swift */; };
		6E12D67A22A9141A004B8BCF /* PhotoCollectionViewLayout.swift in Sources */ = {isa = PBXBuildFile; fileRef = 6E12D67822A9141A004B8BCF /* PhotoCollectionViewLayout.swift */; };
		6E12D68022A91435004B8BCF /* DictionaryEncoder.swift in Sources */ = {isa = PBXBuildFile; fileRef = 6E12D67C22A91435004B8BCF /* DictionaryEncoder.swift */; };
		6E12D68122A91435004B8BCF /* DictionaryDecoder.swift in Sources */ = {isa = PBXBuildFile; fileRef = 6E12D67D22A91435004B8BCF /* DictionaryDecoder.swift */; };
		6E12D68222A91435004B8BCF /* DictionaryErrors.swift in Sources */ = {isa = PBXBuildFile; fileRef = 6E12D67E22A91435004B8BCF /* DictionaryErrors.swift */; };
		6E12D68322A91435004B8BCF /* DictionaryCodingKey.swift in Sources */ = {isa = PBXBuildFile; fileRef = 6E12D67F22A91435004B8BCF /* DictionaryCodingKey.swift */; };
		6E12D68522A9143F004B8BCF /* PhotosViewModel.swift in Sources */ = {isa = PBXBuildFile; fileRef = 6E12D68422A9143F004B8BCF /* PhotosViewModel.swift */; };
		C37E2000FED08112617D44AA /* Pods_ProofOfConceptsTests.framework in Frameworks */ = {isa = PBXBuildFile; fileRef = 4933F2B6D2B8E741E25DFFD4 /* Pods_ProofOfConceptsTests.framework */; };
		E95AFBCD15F646528BF5A068 /* Pods_ProofOfConcepts.framework in Frameworks */ = {isa = PBXBuildFile; fileRef = 258DF7315DA1B8CC54E05D9B /* Pods_ProofOfConcepts.framework */; };
/* End PBXBuildFile section */

/* Begin PBXContainerItemProxy section */
		6E12D64122A91161004B8BCF /* PBXContainerItemProxy */ = {
			isa = PBXContainerItemProxy;
			containerPortal = 6E12D62422A9115F004B8BCF /* Project object */;
			proxyType = 1;
			remoteGlobalIDString = 6E12D62B22A9115F004B8BCF;
			remoteInfo = ProofOfConcepts;
		};
/* End PBXContainerItemProxy section */

/* Begin PBXFileReference section */
		0261FECAF05D8E46B08ADC02 /* Pods-ProofOfConcepts.debug.xcconfig */ = {isa = PBXFileReference; includeInIndex = 1; lastKnownFileType = text.xcconfig; name = "Pods-ProofOfConcepts.debug.xcconfig"; path = "Pods/Target Support Files/Pods-ProofOfConcepts/Pods-ProofOfConcepts.debug.xcconfig"; sourceTree = "<group>"; };
		1FC855DC4E4FF41F41C0B218 /* Pods-ProofOfConcepts.release.xcconfig */ = {isa = PBXFileReference; includeInIndex = 1; lastKnownFileType = text.xcconfig; name = "Pods-ProofOfConcepts.release.xcconfig"; path = "Pods/Target Support Files/Pods-ProofOfConcepts/Pods-ProofOfConcepts.release.xcconfig"; sourceTree = "<group>"; };
		258DF7315DA1B8CC54E05D9B /* Pods_ProofOfConcepts.framework */ = {isa = PBXFileReference; explicitFileType = wrapper.framework; includeInIndex = 0; path = Pods_ProofOfConcepts.framework; sourceTree = BUILT_PRODUCTS_DIR; };
		28743C2BD22C6F8813E9204C /* Pods-ProofOfConceptsUITests.release.xcconfig */ = {isa = PBXFileReference; includeInIndex = 1; lastKnownFileType = text.xcconfig; name = "Pods-ProofOfConceptsUITests.release.xcconfig"; path = "Pods/Target Support Files/Pods-ProofOfConceptsUITests/Pods-ProofOfConceptsUITests.release.xcconfig"; sourceTree = "<group>"; };
		4933F2B6D2B8E741E25DFFD4 /* Pods_ProofOfConceptsTests.framework */ = {isa = PBXFileReference; explicitFileType = wrapper.framework; includeInIndex = 0; path = Pods_ProofOfConceptsTests.framework; sourceTree = BUILT_PRODUCTS_DIR; };
		6E12D62C22A9115F004B8BCF /* ProofOfConcepts.app */ = {isa = PBXFileReference; explicitFileType = wrapper.application; includeInIndex = 0; path = ProofOfConcepts.app; sourceTree = BUILT_PRODUCTS_DIR; };
		6E12D62F22A9115F004B8BCF /* AppDelegate.swift */ = {isa = PBXFileReference; lastKnownFileType = sourcecode.swift; path = AppDelegate.swift; sourceTree = "<group>"; };
		6E12D63622A91161004B8BCF /* Assets.xcassets */ = {isa = PBXFileReference; lastKnownFileType = folder.assetcatalog; path = Assets.xcassets; sourceTree = "<group>"; };
		6E12D63922A91161004B8BCF /* Base */ = {isa = PBXFileReference; lastKnownFileType = file.storyboard; name = Base; path = Base.lproj/LaunchScreen.storyboard; sourceTree = "<group>"; };
		6E12D63B22A91161004B8BCF /* Info.plist */ = {isa = PBXFileReference; lastKnownFileType = text.plist.xml; path = Info.plist; sourceTree = "<group>"; };
		6E12D64022A91161004B8BCF /* ProofOfConceptsTests.xctest */ = {isa = PBXFileReference; explicitFileType = wrapper.cfbundle; includeInIndex = 0; path = ProofOfConceptsTests.xctest; sourceTree = BUILT_PRODUCTS_DIR; };
		6E12D64422A91161004B8BCF /* ProofOfConceptsTests.swift */ = {isa = PBXFileReference; lastKnownFileType = sourcecode.swift; path = ProofOfConceptsTests.swift; sourceTree = "<group>"; };
		6E12D64622A91161004B8BCF /* Info.plist */ = {isa = PBXFileReference; lastKnownFileType = text.plist.xml; path = Info.plist; sourceTree = "<group>"; };
		6E12D66522A912E9004B8BCF /* String+Additions.swift */ = {isa = PBXFileReference; fileEncoding = 4; lastKnownFileType = sourcecode.swift; path = "String+Additions.swift"; sourceTree = "<group>"; };
		6E12D66722A912F2004B8BCF /* Photo.swift */ = {isa = PBXFileReference; fileEncoding = 4; lastKnownFileType = sourcecode.swift; path = Photo.swift; sourceTree = "<group>"; };
		6E12D66922A912FC004B8BCF /* RequestEndPoint.swift */ = {isa = PBXFileReference; fileEncoding = 4; lastKnownFileType = sourcecode.swift; path = RequestEndPoint.swift; sourceTree = "<group>"; };
		6E12D66A22A912FC004B8BCF /* RequestManager.swift */ = {isa = PBXFileReference; fileEncoding = 4; lastKnownFileType = sourcecode.swift; path = RequestManager.swift; sourceTree = "<group>"; };
		6E12D66B22A912FC004B8BCF /* RequestPerformer.swift */ = {isa = PBXFileReference; fileEncoding = 4; lastKnownFileType = sourcecode.swift; path = RequestPerformer.swift; sourceTree = "<group>"; };
		6E12D66C22A912FC004B8BCF /* ReachabilityManager.swift */ = {isa = PBXFileReference; fileEncoding = 4; lastKnownFileType = sourcecode.swift; path = ReachabilityManager.swift; sourceTree = "<group>"; };
		6E12D66D22A912FC004B8BCF /* ResponseParser.swift */ = {isa = PBXFileReference; fileEncoding = 4; lastKnownFileType = sourcecode.swift; path = ResponseParser.swift; sourceTree = "<group>"; };
		6E12D67322A913E7004B8BCF /* Constants.swift */ = {isa = PBXFileReference; fileEncoding = 4; lastKnownFileType = sourcecode.swift; path = Constants.swift; sourceTree = "<group>"; };
		6E12D67522A9140E004B8BCF /* PhotoCell.swift */ = {isa = PBXFileReference; fileEncoding = 4; lastKnownFileType = sourcecode.swift; path = PhotoCell.swift; sourceTree = "<group>"; };
		6E12D67722A9141A004B8BCF /* PhotoCollectionViewController.swift */ = {isa = PBXFileReference; fileEncoding = 4; lastKnownFileType = sourcecode.swift; path = PhotoCollectionViewController.swift; sourceTree = "<group>"; };
		6E12D67822A9141A004B8BCF /* PhotoCollectionViewLayout.swift */ = {isa = PBXFileReference; fileEncoding = 4; lastKnownFileType = sourcecode.swift; path = PhotoCollectionViewLayout.swift; sourceTree = "<group>"; };
		6E12D67C22A91435004B8BCF /* DictionaryEncoder.swift */ = {isa = PBXFileReference; fileEncoding = 4; lastKnownFileType = sourcecode.swift; path = DictionaryEncoder.swift; sourceTree = "<group>"; };
		6E12D67D22A91435004B8BCF /* DictionaryDecoder.swift */ = {isa = PBXFileReference; fileEncoding = 4; lastKnownFileType = sourcecode.swift; path = DictionaryDecoder.swift; sourceTree = "<group>"; };
		6E12D67E22A91435004B8BCF /* DictionaryErrors.swift */ = {isa = PBXFileReference; fileEncoding = 4; lastKnownFileType = sourcecode.swift; path = DictionaryErrors.swift; sourceTree = "<group>"; };
		6E12D67F22A91435004B8BCF /* DictionaryCodingKey.swift */ = {isa = PBXFileReference; fileEncoding = 4; lastKnownFileType = sourcecode.swift; path = DictionaryCodingKey.swift; sourceTree = "<group>"; };
		6E12D68422A9143F004B8BCF /* PhotosViewModel.swift */ = {isa = PBXFileReference; fileEncoding = 4; lastKnownFileType = sourcecode.swift; path = PhotosViewModel.swift; sourceTree = "<group>"; };
		871A8CB99618108A77D20A2E /* Pods_ProofOfConceptsUITests.framework */ = {isa = PBXFileReference; explicitFileType = wrapper.framework; includeInIndex = 0; path = Pods_ProofOfConceptsUITests.framework; sourceTree = BUILT_PRODUCTS_DIR; };
		AA2D6D412582D8CD0F194D05 /* Pods-ProofOfConceptsTests.debug.xcconfig */ = {isa = PBXFileReference; includeInIndex = 1; lastKnownFileType = text.xcconfig; name = "Pods-ProofOfConceptsTests.debug.xcconfig"; path = "Pods/Target Support Files/Pods-ProofOfConceptsTests/Pods-ProofOfConceptsTests.debug.xcconfig"; sourceTree = "<group>"; };
		CBC08020A9615A9F58DE2BF9 /* Pods-ProofOfConceptsTests.release.xcconfig */ = {isa = PBXFileReference; includeInIndex = 1; lastKnownFileType = text.xcconfig; name = "Pods-ProofOfConceptsTests.release.xcconfig"; path = "Pods/Target Support Files/Pods-ProofOfConceptsTests/Pods-ProofOfConceptsTests.release.xcconfig"; sourceTree = "<group>"; };
		E80192CC880A562ADDB998FD /* Pods-ProofOfConceptsUITests.debug.xcconfig */ = {isa = PBXFileReference; includeInIndex = 1; lastKnownFileType = text.xcconfig; name = "Pods-ProofOfConceptsUITests.debug.xcconfig"; path = "Pods/Target Support Files/Pods-ProofOfConceptsUITests/Pods-ProofOfConceptsUITests.debug.xcconfig"; sourceTree = "<group>"; };
/* End PBXFileReference section */

/* Begin PBXFrameworksBuildPhase section */
		6E12D62922A9115F004B8BCF /* Frameworks */ = {
			isa = PBXFrameworksBuildPhase;
			buildActionMask = 2147483647;
			files = (
				E95AFBCD15F646528BF5A068 /* Pods_ProofOfConcepts.framework in Frameworks */,
			);
			runOnlyForDeploymentPostprocessing = 0;
		};
		6E12D63D22A91161004B8BCF /* Frameworks */ = {
			isa = PBXFrameworksBuildPhase;
			buildActionMask = 2147483647;
			files = (
				C37E2000FED08112617D44AA /* Pods_ProofOfConceptsTests.framework in Frameworks */,
			);
			runOnlyForDeploymentPostprocessing = 0;
		};
/* End PBXFrameworksBuildPhase section */

/* Begin PBXGroup section */
		076C654E72C0F7989CD36166 /* Pods */ = {
			isa = PBXGroup;
			children = (
				0261FECAF05D8E46B08ADC02 /* Pods-ProofOfConcepts.debug.xcconfig */,
				1FC855DC4E4FF41F41C0B218 /* Pods-ProofOfConcepts.release.xcconfig */,
				AA2D6D412582D8CD0F194D05 /* Pods-ProofOfConceptsTests.debug.xcconfig */,
				CBC08020A9615A9F58DE2BF9 /* Pods-ProofOfConceptsTests.release.xcconfig */,
				E80192CC880A562ADDB998FD /* Pods-ProofOfConceptsUITests.debug.xcconfig */,
				28743C2BD22C6F8813E9204C /* Pods-ProofOfConceptsUITests.release.xcconfig */,
			);
			name = Pods;
			sourceTree = "<group>";
		};
		61F597E379D71D1E255F0054 /* Frameworks */ = {
			isa = PBXGroup;
			children = (
				258DF7315DA1B8CC54E05D9B /* Pods_ProofOfConcepts.framework */,
				4933F2B6D2B8E741E25DFFD4 /* Pods_ProofOfConceptsTests.framework */,
				871A8CB99618108A77D20A2E /* Pods_ProofOfConceptsUITests.framework */,
			);
			name = Frameworks;
			sourceTree = "<group>";
		};
		6E12D62322A9115F004B8BCF = {
			isa = PBXGroup;
			children = (
				6E12D62E22A9115F004B8BCF /* ProofOfConcepts */,
				6E12D64322A91161004B8BCF /* ProofOfConceptsTests */,
				6E12D62D22A9115F004B8BCF /* Products */,
				076C654E72C0F7989CD36166 /* Pods */,
				61F597E379D71D1E255F0054 /* Frameworks */,
			);
			sourceTree = "<group>";
		};
		6E12D62D22A9115F004B8BCF /* Products */ = {
			isa = PBXGroup;
			children = (
				6E12D62C22A9115F004B8BCF /* ProofOfConcepts.app */,
				6E12D64022A91161004B8BCF /* ProofOfConceptsTests.xctest */,
			);
			name = Products;
			sourceTree = "<group>";
		};
		6E12D62E22A9115F004B8BCF /* ProofOfConcepts */ = {
			isa = PBXGroup;
			children = (
				6E12D66422A911DC004B8BCF /* ViewControllers */,
				6E12D66322A911D4004B8BCF /* Views */,
				6E12D66222A911CB004B8BCF /* ViewModels */,
				6E12D66122A911C5004B8BCF /* Models */,
				6E12D66022A911B8004B8BCF /* NetworkLayer */,
				6E12D65F22A911AB004B8BCF /* ThirdPartyLibraries */,
				6E12D65E22A91198004B8BCF /* Extensions */,
				6E12D65D22A9118E004B8BCF /* SupportingFiles */,
			);
			path = ProofOfConcepts;
			sourceTree = "<group>";
		};
		6E12D64322A91161004B8BCF /* ProofOfConceptsTests */ = {
			isa = PBXGroup;
			children = (
				6E12D64422A91161004B8BCF /* ProofOfConceptsTests.swift */,
				6E12D64622A91161004B8BCF /* Info.plist */,
			);
			path = ProofOfConceptsTests;
			sourceTree = "<group>";
		};
		6E12D65D22A9118E004B8BCF /* SupportingFiles */ = {
			isa = PBXGroup;
			children = (
				6E12D62F22A9115F004B8BCF /* AppDelegate.swift */,
				6E12D67322A913E7004B8BCF /* Constants.swift */,
				6E12D63B22A91161004B8BCF /* Info.plist */,
				6E12D63622A91161004B8BCF /* Assets.xcassets */,
				6E12D63822A91161004B8BCF /* LaunchScreen.storyboard */,
			);
			path = SupportingFiles;
			sourceTree = "<group>";
		};
		6E12D65E22A91198004B8BCF /* Extensions */ = {
			isa = PBXGroup;
			children = (
				6E12D66522A912E9004B8BCF /* String+Additions.swift */,
			);
			path = Extensions;
			sourceTree = "<group>";
		};
		6E12D65F22A911AB004B8BCF /* ThirdPartyLibraries */ = {
			isa = PBXGroup;
			children = (
				6E12D67B22A91425004B8BCF /* DictionaryCoding */,
			);
			path = ThirdPartyLibraries;
			sourceTree = "<group>";
		};
		6E12D66022A911B8004B8BCF /* NetworkLayer */ = {
			isa = PBXGroup;
			children = (
				6E12D66C22A912FC004B8BCF /* ReachabilityManager.swift */,
				6E12D66922A912FC004B8BCF /* RequestEndPoint.swift */,
				6E12D66A22A912FC004B8BCF /* RequestManager.swift */,
				6E12D66B22A912FC004B8BCF /* RequestPerformer.swift */,
				6E12D66D22A912FC004B8BCF /* ResponseParser.swift */,
			);
			path = NetworkLayer;
			sourceTree = "<group>";
		};
		6E12D66122A911C5004B8BCF /* Models */ = {
			isa = PBXGroup;
			children = (
				6E12D66722A912F2004B8BCF /* Photo.swift */,
			);
			path = Models;
			sourceTree = "<group>";
		};
		6E12D66222A911CB004B8BCF /* ViewModels */ = {
			isa = PBXGroup;
			children = (
				6E12D68422A9143F004B8BCF /* PhotosViewModel.swift */,
			);
			path = ViewModels;
			sourceTree = "<group>";
		};
		6E12D66322A911D4004B8BCF /* Views */ = {
			isa = PBXGroup;
			children = (
				6E12D67522A9140E004B8BCF /* PhotoCell.swift */,
			);
			path = Views;
			sourceTree = "<group>";
		};
		6E12D66422A911DC004B8BCF /* ViewControllers */ = {
			isa = PBXGroup;
			children = (
				6E12D67722A9141A004B8BCF /* PhotoCollectionViewController.swift */,
				6E12D67822A9141A004B8BCF /* PhotoCollectionViewLayout.swift */,
			);
			path = ViewControllers;
			sourceTree = "<group>";
		};
		6E12D67B22A91425004B8BCF /* DictionaryCoding */ = {
			isa = PBXGroup;
			children = (
				6E12D67F22A91435004B8BCF /* DictionaryCodingKey.swift */,
				6E12D67D22A91435004B8BCF /* DictionaryDecoder.swift */,
				6E12D67C22A91435004B8BCF /* DictionaryEncoder.swift */,
				6E12D67E22A91435004B8BCF /* DictionaryErrors.swift */,
			);
			path = DictionaryCoding;
			sourceTree = "<group>";
		};
/* End PBXGroup section */

/* Begin PBXNativeTarget section */
		6E12D62B22A9115F004B8BCF /* ProofOfConcepts */ = {
			isa = PBXNativeTarget;
			buildConfigurationList = 6E12D65422A91161004B8BCF /* Build configuration list for PBXNativeTarget "ProofOfConcepts" */;
			buildPhases = (
				F79491437D08F60C16BCC943 /* [CP] Check Pods Manifest.lock */,
				6E12D62822A9115F004B8BCF /* Sources */,
				6E12D62922A9115F004B8BCF /* Frameworks */,
				6E12D62A22A9115F004B8BCF /* Resources */,
				0AF0BAFDFE854B5A45ED92EA /* [CP] Embed Pods Frameworks */,
			);
			buildRules = (
			);
			dependencies = (
			);
			name = ProofOfConcepts;
			productName = ProofOfConcepts;
			productReference = 6E12D62C22A9115F004B8BCF /* ProofOfConcepts.app */;
			productType = "com.apple.product-type.application";
		};
		6E12D63F22A91161004B8BCF /* ProofOfConceptsTests */ = {
			isa = PBXNativeTarget;
			buildConfigurationList = 6E12D65722A91161004B8BCF /* Build configuration list for PBXNativeTarget "ProofOfConceptsTests" */;
			buildPhases = (
				99AA67FEE67960E479820B58 /* [CP] Check Pods Manifest.lock */,
				6E12D63C22A91161004B8BCF /* Sources */,
				6E12D63D22A91161004B8BCF /* Frameworks */,
				6E12D63E22A91161004B8BCF /* Resources */,
			);
			buildRules = (
			);
			dependencies = (
				6E12D64222A91161004B8BCF /* PBXTargetDependency */,
			);
			name = ProofOfConceptsTests;
			productName = ProofOfConceptsTests;
			productReference = 6E12D64022A91161004B8BCF /* ProofOfConceptsTests.xctest */;
			productType = "com.apple.product-type.bundle.unit-test";
		};
/* End PBXNativeTarget section */

/* Begin PBXProject section */
		6E12D62422A9115F004B8BCF /* Project object */ = {
			isa = PBXProject;
			attributes = {
				LastSwiftUpdateCheck = 1020;
				LastUpgradeCheck = 1020;
				ORGANIZATIONNAME = Infosys;
				TargetAttributes = {
					6E12D62B22A9115F004B8BCF = {
						CreatedOnToolsVersion = 10.2.1;
					};
					6E12D63F22A91161004B8BCF = {
						CreatedOnToolsVersion = 10.2.1;
						TestTargetID = 6E12D62B22A9115F004B8BCF;
					};
				};
			};
			buildConfigurationList = 6E12D62722A9115F004B8BCF /* Build configuration list for PBXProject "ProofOfConcepts" */;
			compatibilityVersion = "Xcode 9.3";
			developmentRegion = en;
			hasScannedForEncodings = 0;
			knownRegions = (
				en,
				Base,
			);
			mainGroup = 6E12D62322A9115F004B8BCF;
			productRefGroup = 6E12D62D22A9115F004B8BCF /* Products */;
			projectDirPath = "";
			projectRoot = "";
			targets = (
				6E12D62B22A9115F004B8BCF /* ProofOfConcepts */,
				6E12D63F22A91161004B8BCF /* ProofOfConceptsTests */,
			);
		};
/* End PBXProject section */

/* Begin PBXResourcesBuildPhase section */
		6E12D62A22A9115F004B8BCF /* Resources */ = {
			isa = PBXResourcesBuildPhase;
			buildActionMask = 2147483647;
			files = (
				6E12D63A22A91161004B8BCF /* LaunchScreen.storyboard in Resources */,
				6E12D63722A91161004B8BCF /* Assets.xcassets in Resources */,
			);
			runOnlyForDeploymentPostprocessing = 0;
		};
		6E12D63E22A91161004B8BCF /* Resources */ = {
			isa = PBXResourcesBuildPhase;
			buildActionMask = 2147483647;
			files = (
			);
			runOnlyForDeploymentPostprocessing = 0;
		};
/* End PBXResourcesBuildPhase section */

/* Begin PBXShellScriptBuildPhase section */
		0AF0BAFDFE854B5A45ED92EA /* [CP] Embed Pods Frameworks */ = {
			isa = PBXShellScriptBuildPhase;
			buildActionMask = 2147483647;
			files = (
			);
			inputPaths = (
				"${SRCROOT}/Pods/Target Support Files/Pods-ProofOfConcepts/Pods-ProofOfConcepts-frameworks.sh",
				"${BUILT_PRODUCTS_DIR}/Alamofire/Alamofire.framework",
				"${BUILT_PRODUCTS_DIR}/MarqueeLabel/MarqueeLabel.framework",
				"${BUILT_PRODUCTS_DIR}/NotificationBannerSwift/NotificationBannerSwift.framework",
				"${BUILT_PRODUCTS_DIR}/ReachabilitySwift/Reachability.framework",
				"${BUILT_PRODUCTS_DIR}/SDWebImage/SDWebImage.framework",
				"${BUILT_PRODUCTS_DIR}/SnapKit/SnapKit.framework",
			);
			name = "[CP] Embed Pods Frameworks";
			outputPaths = (
				"${TARGET_BUILD_DIR}/${FRAMEWORKS_FOLDER_PATH}/Alamofire.framework",
				"${TARGET_BUILD_DIR}/${FRAMEWORKS_FOLDER_PATH}/MarqueeLabel.framework",
				"${TARGET_BUILD_DIR}/${FRAMEWORKS_FOLDER_PATH}/NotificationBannerSwift.framework",
				"${TARGET_BUILD_DIR}/${FRAMEWORKS_FOLDER_PATH}/Reachability.framework",
				"${TARGET_BUILD_DIR}/${FRAMEWORKS_FOLDER_PATH}/SDWebImage.framework",
				"${TARGET_BUILD_DIR}/${FRAMEWORKS_FOLDER_PATH}/SnapKit.framework",
			);
			runOnlyForDeploymentPostprocessing = 0;
			shellPath = /bin/sh;
			shellScript = "\"${SRCROOT}/Pods/Target Support Files/Pods-ProofOfConcepts/Pods-ProofOfConcepts-frameworks.sh\"\n";
			showEnvVarsInLog = 0;
		};
		99AA67FEE67960E479820B58 /* [CP] Check Pods Manifest.lock */ = {
			isa = PBXShellScriptBuildPhase;
			buildActionMask = 2147483647;
			files = (
			);
			inputPaths = (
				"${PODS_PODFILE_DIR_PATH}/Podfile.lock",
				"${PODS_ROOT}/Manifest.lock",
			);
			name = "[CP] Check Pods Manifest.lock";
			outputPaths = (
				"$(DERIVED_FILE_DIR)/Pods-ProofOfConceptsTests-checkManifestLockResult.txt",
			);
			runOnlyForDeploymentPostprocessing = 0;
			shellPath = /bin/sh;
			shellScript = "diff \"${PODS_PODFILE_DIR_PATH}/Podfile.lock\" \"${PODS_ROOT}/Manifest.lock\" > /dev/null\nif [ $? != 0 ] ; then\n    # print error to STDERR\n    echo \"error: The sandbox is not in sync with the Podfile.lock. Run 'pod install' or update your CocoaPods installation.\" >&2\n    exit 1\nfi\n# This output is used by Xcode 'outputs' to avoid re-running this script phase.\necho \"SUCCESS\" > \"${SCRIPT_OUTPUT_FILE_0}\"\n";
			showEnvVarsInLog = 0;
		};
		F79491437D08F60C16BCC943 /* [CP] Check Pods Manifest.lock */ = {
			isa = PBXShellScriptBuildPhase;
			buildActionMask = 2147483647;
			files = (
			);
			inputPaths = (
				"${PODS_PODFILE_DIR_PATH}/Podfile.lock",
				"${PODS_ROOT}/Manifest.lock",
			);
			name = "[CP] Check Pods Manifest.lock";
			outputPaths = (
				"$(DERIVED_FILE_DIR)/Pods-ProofOfConcepts-checkManifestLockResult.txt",
			);
			runOnlyForDeploymentPostprocessing = 0;
			shellPath = /bin/sh;
			shellScript = "diff \"${PODS_PODFILE_DIR_PATH}/Podfile.lock\" \"${PODS_ROOT}/Manifest.lock\" > /dev/null\nif [ $? != 0 ] ; then\n    # print error to STDERR\n    echo \"error: The sandbox is not in sync with the Podfile.lock. Run 'pod install' or update your CocoaPods installation.\" >&2\n    exit 1\nfi\n# This output is used by Xcode 'outputs' to avoid re-running this script phase.\necho \"SUCCESS\" > \"${SCRIPT_OUTPUT_FILE_0}\"\n";
			showEnvVarsInLog = 0;
		};
/* End PBXShellScriptBuildPhase section */

/* Begin PBXSourcesBuildPhase section */
		6E12D62822A9115F004B8BCF /* Sources */ = {
			isa = PBXSourcesBuildPhase;
			buildActionMask = 2147483647;
			files = (
				6E12D68122A91435004B8BCF /* DictionaryDecoder.swift in Sources */,
				6E12D68222A91435004B8BCF /* DictionaryErrors.swift in Sources */,
				6E12D66F22A912FC004B8BCF /* RequestManager.swift in Sources */,
				6E12D66822A912F2004B8BCF /* Photo.swift in Sources */,
				6E12D67122A912FC004B8BCF /* ReachabilityManager.swift in Sources */,
				6E12D68022A91435004B8BCF /* DictionaryEncoder.swift in Sources */,
				6E12D67222A912FC004B8BCF /* ResponseParser.swift in Sources */,
				6E12D68522A9143F004B8BCF /* PhotosViewModel.swift in Sources */,
				6E12D68322A91435004B8BCF /* DictionaryCodingKey.swift in Sources */,
				6E12D67022A912FC004B8BCF /* RequestPerformer.swift in Sources */,
				6E12D66622A912EA004B8BCF /* String+Additions.swift in Sources */,
				6E12D67622A9140E004B8BCF /* PhotoCell.swift in Sources */,
				6E12D66E22A912FC004B8BCF /* RequestEndPoint.swift in Sources */,
				6E12D67922A9141A004B8BCF /* PhotoCollectionViewController.swift in Sources */,
				6E12D67A22A9141A004B8BCF /* PhotoCollectionViewLayout.swift in Sources */,
				6E12D63022A9115F004B8BCF /* AppDelegate.swift in Sources */,
				6E12D67422A913E7004B8BCF /* Constants.swift in Sources */,
			);
			runOnlyForDeploymentPostprocessing = 0;
		};
		6E12D63C22A91161004B8BCF /* Sources */ = {
			isa = PBXSourcesBuildPhase;
			buildActionMask = 2147483647;
			files = (
				6E12D64522A91161004B8BCF /* ProofOfConceptsTests.swift in Sources */,
			);
			runOnlyForDeploymentPostprocessing = 0;
		};
/* End PBXSourcesBuildPhase section */

/* Begin PBXTargetDependency section */
		6E12D64222A91161004B8BCF /* PBXTargetDependency */ = {
			isa = PBXTargetDependency;
			target = 6E12D62B22A9115F004B8BCF /* ProofOfConcepts */;
			targetProxy = 6E12D64122A91161004B8BCF /* PBXContainerItemProxy */;
		};
/* End PBXTargetDependency section */

/* Begin PBXVariantGroup section */
		6E12D63822A91161004B8BCF /* LaunchScreen.storyboard */ = {
			isa = PBXVariantGroup;
			children = (
				6E12D63922A91161004B8BCF /* Base */,
			);
			name = LaunchScreen.storyboard;
			sourceTree = "<group>";
		};
/* End PBXVariantGroup section */

/* Begin XCBuildConfiguration section */
		6E12D65222A91161004B8BCF /* Debug */ = {
			isa = XCBuildConfiguration;
			buildSettings = {
				ALWAYS_SEARCH_USER_PATHS = NO;
				CLANG_ANALYZER_NONNULL = YES;
				CLANG_ANALYZER_NUMBER_OBJECT_CONVERSION = YES_AGGRESSIVE;
				CLANG_CXX_LANGUAGE_STANDARD = "gnu++14";
				CLANG_CXX_LIBRARY = "libc++";
				CLANG_ENABLE_MODULES = YES;
				CLANG_ENABLE_OBJC_ARC = YES;
				CLANG_ENABLE_OBJC_WEAK = YES;
				CLANG_WARN_BLOCK_CAPTURE_AUTORELEASING = YES;
				CLANG_WARN_BOOL_CONVERSION = YES;
				CLANG_WARN_COMMA = YES;
				CLANG_WARN_CONSTANT_CONVERSION = YES;
				CLANG_WARN_DEPRECATED_OBJC_IMPLEMENTATIONS = YES;
				CLANG_WARN_DIRECT_OBJC_ISA_USAGE = YES_ERROR;
				CLANG_WARN_DOCUMENTATION_COMMENTS = YES;
				CLANG_WARN_EMPTY_BODY = YES;
				CLANG_WARN_ENUM_CONVERSION = YES;
				CLANG_WARN_INFINITE_RECURSION = YES;
				CLANG_WARN_INT_CONVERSION = YES;
				CLANG_WARN_NON_LITERAL_NULL_CONVERSION = YES;
				CLANG_WARN_OBJC_IMPLICIT_RETAIN_SELF = YES;
				CLANG_WARN_OBJC_LITERAL_CONVERSION = YES;
				CLANG_WARN_OBJC_ROOT_CLASS = YES_ERROR;
				CLANG_WARN_RANGE_LOOP_ANALYSIS = YES;
				CLANG_WARN_STRICT_PROTOTYPES = YES;
				CLANG_WARN_SUSPICIOUS_MOVE = YES;
				CLANG_WARN_UNGUARDED_AVAILABILITY = YES_AGGRESSIVE;
				CLANG_WARN_UNREACHABLE_CODE = YES;
				CLANG_WARN__DUPLICATE_METHOD_MATCH = YES;
				CODE_SIGN_IDENTITY = "iPhone Developer";
				COPY_PHASE_STRIP = NO;
				DEBUG_INFORMATION_FORMAT = dwarf;
				ENABLE_STRICT_OBJC_MSGSEND = YES;
				ENABLE_TESTABILITY = YES;
				GCC_C_LANGUAGE_STANDARD = gnu11;
				GCC_DYNAMIC_NO_PIC = NO;
				GCC_NO_COMMON_BLOCKS = YES;
				GCC_OPTIMIZATION_LEVEL = 0;
				GCC_PREPROCESSOR_DEFINITIONS = (
					"DEBUG=1",
					"$(inherited)",
				);
				GCC_WARN_64_TO_32_BIT_CONVERSION = YES;
				GCC_WARN_ABOUT_RETURN_TYPE = YES_ERROR;
				GCC_WARN_UNDECLARED_SELECTOR = YES;
				GCC_WARN_UNINITIALIZED_AUTOS = YES_AGGRESSIVE;
				GCC_WARN_UNUSED_FUNCTION = YES;
				GCC_WARN_UNUSED_VARIABLE = YES;
				IPHONEOS_DEPLOYMENT_TARGET = 12.2;
				MTL_ENABLE_DEBUG_INFO = INCLUDE_SOURCE;
				MTL_FAST_MATH = YES;
				ONLY_ACTIVE_ARCH = YES;
				SDKROOT = iphoneos;
				SWIFT_ACTIVE_COMPILATION_CONDITIONS = DEBUG;
				SWIFT_OPTIMIZATION_LEVEL = "-Onone";
			};
			name = Debug;
		};
		6E12D65322A91161004B8BCF /* Release */ = {
			isa = XCBuildConfiguration;
			buildSettings = {
				ALWAYS_SEARCH_USER_PATHS = NO;
				CLANG_ANALYZER_NONNULL = YES;
				CLANG_ANALYZER_NUMBER_OBJECT_CONVERSION = YES_AGGRESSIVE;
				CLANG_CXX_LANGUAGE_STANDARD = "gnu++14";
				CLANG_CXX_LIBRARY = "libc++";
				CLANG_ENABLE_MODULES = YES;
				CLANG_ENABLE_OBJC_ARC = YES;
				CLANG_ENABLE_OBJC_WEAK = YES;
				CLANG_WARN_BLOCK_CAPTURE_AUTORELEASING = YES;
				CLANG_WARN_BOOL_CONVERSION = YES;
				CLANG_WARN_COMMA = YES;
				CLANG_WARN_CONSTANT_CONVERSION = YES;
				CLANG_WARN_DEPRECATED_OBJC_IMPLEMENTATIONS = YES;
				CLANG_WARN_DIRECT_OBJC_ISA_USAGE = YES_ERROR;
				CLANG_WARN_DOCUMENTATION_COMMENTS = YES;
				CLANG_WARN_EMPTY_BODY = YES;
				CLANG_WARN_ENUM_CONVERSION = YES;
				CLANG_WARN_INFINITE_RECURSION = YES;
				CLANG_WARN_INT_CONVERSION = YES;
				CLANG_WARN_NON_LITERAL_NULL_CONVERSION = YES;
				CLANG_WARN_OBJC_IMPLICIT_RETAIN_SELF = YES;
				CLANG_WARN_OBJC_LITERAL_CONVERSION = YES;
				CLANG_WARN_OBJC_ROOT_CLASS = YES_ERROR;
				CLANG_WARN_RANGE_LOOP_ANALYSIS = YES;
				CLANG_WARN_STRICT_PROTOTYPES = YES;
				CLANG_WARN_SUSPICIOUS_MOVE = YES;
				CLANG_WARN_UNGUARDED_AVAILABILITY = YES_AGGRESSIVE;
				CLANG_WARN_UNREACHABLE_CODE = YES;
				CLANG_WARN__DUPLICATE_METHOD_MATCH = YES;
				CODE_SIGN_IDENTITY = "iPhone Developer";
				COPY_PHASE_STRIP = NO;
				DEBUG_INFORMATION_FORMAT = "dwarf-with-dsym";
				ENABLE_NS_ASSERTIONS = NO;
				ENABLE_STRICT_OBJC_MSGSEND = YES;
				GCC_C_LANGUAGE_STANDARD = gnu11;
				GCC_NO_COMMON_BLOCKS = YES;
				GCC_WARN_64_TO_32_BIT_CONVERSION = YES;
				GCC_WARN_ABOUT_RETURN_TYPE = YES_ERROR;
				GCC_WARN_UNDECLARED_SELECTOR = YES;
				GCC_WARN_UNINITIALIZED_AUTOS = YES_AGGRESSIVE;
				GCC_WARN_UNUSED_FUNCTION = YES;
				GCC_WARN_UNUSED_VARIABLE = YES;
				IPHONEOS_DEPLOYMENT_TARGET = 12.2;
				MTL_ENABLE_DEBUG_INFO = NO;
				MTL_FAST_MATH = YES;
				SDKROOT = iphoneos;
				SWIFT_COMPILATION_MODE = wholemodule;
				SWIFT_OPTIMIZATION_LEVEL = "-O";
				VALIDATE_PRODUCT = YES;
			};
			name = Release;
		};
		6E12D65522A91161004B8BCF /* Debug */ = {
			isa = XCBuildConfiguration;
			baseConfigurationReference = 0261FECAF05D8E46B08ADC02 /* Pods-ProofOfConcepts.debug.xcconfig */;
			buildSettings = {
				ASSETCATALOG_COMPILER_APPICON_NAME = AppIcon;
				CODE_SIGN_STYLE = Automatic;
				DEVELOPMENT_TEAM = 947K2FPWHH;
				INFOPLIST_FILE = ProofOfConcepts/SupportingFiles/Info.plist;
				LD_RUNPATH_SEARCH_PATHS = (
					"$(inherited)",
					"@executable_path/Frameworks",
				);
				PRODUCT_BUNDLE_IDENTIFIER = com.avinash.ProofOfConcepts;
				PRODUCT_NAME = "$(TARGET_NAME)";
				SWIFT_VERSION = 5.0;
				TARGETED_DEVICE_FAMILY = "1,2";
			};
			name = Debug;
		};
		6E12D65622A91161004B8BCF /* Release */ = {
			isa = XCBuildConfiguration;
			baseConfigurationReference = 1FC855DC4E4FF41F41C0B218 /* Pods-ProofOfConcepts.release.xcconfig */;
			buildSettings = {
				ASSETCATALOG_COMPILER_APPICON_NAME = AppIcon;
				CODE_SIGN_STYLE = Automatic;
				DEVELOPMENT_TEAM = 947K2FPWHH;
				INFOPLIST_FILE = ProofOfConcepts/SupportingFiles/Info.plist;
				LD_RUNPATH_SEARCH_PATHS = (
					"$(inherited)",
					"@executable_path/Frameworks",
				);
				PRODUCT_BUNDLE_IDENTIFIER = com.avinash.ProofOfConcepts;
				PRODUCT_NAME = "$(TARGET_NAME)";
				SWIFT_VERSION = 5.0;
				TARGETED_DEVICE_FAMILY = "1,2";
			};
			name = Release;
		};
		6E12D65822A91161004B8BCF /* Debug */ = {
			isa = XCBuildConfiguration;
			baseConfigurationReference = AA2D6D412582D8CD0F194D05 /* Pods-ProofOfConceptsTests.debug.xcconfig */;
			buildSettings = {
				ALWAYS_EMBED_SWIFT_STANDARD_LIBRARIES = YES;
				BUNDLE_LOADER = "$(TEST_HOST)";
				CODE_SIGN_STYLE = Automatic;
				DEVELOPMENT_TEAM = 947K2FPWHH;
				INFOPLIST_FILE = ProofOfConceptsTests/Info.plist;
				LD_RUNPATH_SEARCH_PATHS = (
					"$(inherited)",
					"@executable_path/Frameworks",
					"@loader_path/Frameworks",
				);
				PRODUCT_BUNDLE_IDENTIFIER = com.avinash.ProofOfConceptsTests;
				PRODUCT_NAME = "$(TARGET_NAME)";
				SWIFT_VERSION = 5.0;
				TARGETED_DEVICE_FAMILY = "1,2";
				TEST_HOST = "$(BUILT_PRODUCTS_DIR)/ProofOfConcepts.app/ProofOfConcepts";
			};
			name = Debug;
		};
		6E12D65922A91161004B8BCF /* Release */ = {
			isa = XCBuildConfiguration;
			baseConfigurationReference = CBC08020A9615A9F58DE2BF9 /* Pods-ProofOfConceptsTests.release.xcconfig */;
			buildSettings = {
				ALWAYS_EMBED_SWIFT_STANDARD_LIBRARIES = YES;
				BUNDLE_LOADER = "$(TEST_HOST)";
				CODE_SIGN_STYLE = Automatic;
				DEVELOPMENT_TEAM = 947K2FPWHH;
				INFOPLIST_FILE = ProofOfConceptsTests/Info.plist;
				LD_RUNPATH_SEARCH_PATHS = (
					"$(inherited)",
					"@executable_path/Frameworks",
					"@loader_path/Frameworks",
				);
				PRODUCT_BUNDLE_IDENTIFIER = com.avinash.ProofOfConceptsTests;
				PRODUCT_NAME = "$(TARGET_NAME)";
				SWIFT_VERSION = 5.0;
				TARGETED_DEVICE_FAMILY = "1,2";
				TEST_HOST = "$(BUILT_PRODUCTS_DIR)/ProofOfConcepts.app/ProofOfConcepts";
			};
			name = Release;
		};
/* End XCBuildConfiguration section */

/* Begin XCConfigurationList section */
		6E12D62722A9115F004B8BCF /* Build configuration list for PBXProject "ProofOfConcepts" */ = {
			isa = XCConfigurationList;
			buildConfigurations = (
				6E12D65222A91161004B8BCF /* Debug */,
				6E12D65322A91161004B8BCF /* Release */,
			);
			defaultConfigurationIsVisible = 0;
			defaultConfigurationName = Release;
		};
		6E12D65422A91161004B8BCF /* Build configuration list for PBXNativeTarget "ProofOfConcepts" */ = {
			isa = XCConfigurationList;
			buildConfigurations = (
				6E12D65522A91161004B8BCF /* Debug */,
				6E12D65622A91161004B8BCF /* Release */,
			);
			defaultConfigurationIsVisible = 0;
			defaultConfigurationName = Release;
		};
		6E12D65722A91161004B8BCF /* Build configuration list for PBXNativeTarget "ProofOfConceptsTests" */ = {
			isa = XCConfigurationList;
			buildConfigurations = (
				6E12D65822A91161004B8BCF /* Debug */,
				6E12D65922A91161004B8BCF /* Release */,
			);
			defaultConfigurationIsVisible = 0;
			defaultConfigurationName = Release;
		};
/* End XCConfigurationList section */
	};
	rootObject = 6E12D62422A9115F004B8BCF /* Project object */;
}
