// !$*UTF8*$!
{
	archiveVersion = 1;
	classes = {
	};
	objectVersion = 50;
	objects = {

/* Begin PBXBuildFile section */
		44CA4199A168FB52C0524795 /* Pods_ProofOfConceptsUITests.framework in Frameworks */ = {isa = PBXBuildFile; fileRef = CAE2236647A9D4C28566A4A7 /* Pods_ProofOfConceptsUITests.framework */; };
		495F0906AF9A9878A9045AFA /* Pods_ProofOfConceptsTests.framework in Frameworks */ = {isa = PBXBuildFile; fileRef = 3A223BF2F9E8D84D99A06315 /* Pods_ProofOfConceptsTests.framework */; };
		6EAAB2C3226893E400284C33 /* AppDelegate.swift in Sources */ = {isa = PBXBuildFile; fileRef = 6EAAB2C2226893E400284C33 /* AppDelegate.swift */; };
		6EAAB2CA226893E800284C33 /* Assets.xcassets in Resources */ = {isa = PBXBuildFile; fileRef = 6EAAB2C9226893E800284C33 /* Assets.xcassets */; };
		6EAAB2CD226893E800284C33 /* LaunchScreen.storyboard in Resources */ = {isa = PBXBuildFile; fileRef = 6EAAB2CB226893E800284C33 /* LaunchScreen.storyboard */; };
		6EAAB2D8226893E800284C33 /* ProofOfConceptsTests.swift in Sources */ = {isa = PBXBuildFile; fileRef = 6EAAB2D7226893E800284C33 /* ProofOfConceptsTests.swift */; };
		6EAAB2E3226893E900284C33 /* ProofOfConceptsUITests.swift in Sources */ = {isa = PBXBuildFile; fileRef = 6EAAB2E2226893E900284C33 /* ProofOfConceptsUITests.swift */; };
		6EAAB2F12268964500284C33 /* PhotoCollectionViewController.swift in Sources */ = {isa = PBXBuildFile; fileRef = 6EAAB2F02268964500284C33 /* PhotoCollectionViewController.swift */; };
		6EAAB2FB22690D4C00284C33 /* Photo.swift in Sources */ = {isa = PBXBuildFile; fileRef = 6EAAB2FA22690D4C00284C33 /* Photo.swift */; };
		6EAAB2FD22692C4700284C33 /* RequestEndPoint.swift in Sources */ = {isa = PBXBuildFile; fileRef = 6EAAB2FC22692C4700284C33 /* RequestEndPoint.swift */; };
		6EAAB2FF22692C8300284C33 /* Constants.swift in Sources */ = {isa = PBXBuildFile; fileRef = 6EAAB2FE22692C8300284C33 /* Constants.swift */; };
		6EAAB30122692D2E00284C33 /* RequestManager.swift in Sources */ = {isa = PBXBuildFile; fileRef = 6EAAB30022692D2E00284C33 /* RequestManager.swift */; };
		6EAAB30322692DF700284C33 /* RequestPerformer.swift in Sources */ = {isa = PBXBuildFile; fileRef = 6EAAB30222692DF700284C33 /* RequestPerformer.swift */; };
		6EAAB30922692F2000284C33 /* DictionaryEncoder.swift in Sources */ = {isa = PBXBuildFile; fileRef = 6EAAB30522692F1F00284C33 /* DictionaryEncoder.swift */; };
		6EAAB30A22692F2000284C33 /* DictionaryErrors.swift in Sources */ = {isa = PBXBuildFile; fileRef = 6EAAB30622692F2000284C33 /* DictionaryErrors.swift */; };
		6EAAB30B22692F2000284C33 /* DictionaryCodingKey.swift in Sources */ = {isa = PBXBuildFile; fileRef = 6EAAB30722692F2000284C33 /* DictionaryCodingKey.swift */; };
		6EAAB30C22692F2000284C33 /* DictionaryDecoder.swift in Sources */ = {isa = PBXBuildFile; fileRef = 6EAAB30822692F2000284C33 /* DictionaryDecoder.swift */; };
		6EAAB30E22692FC700284C33 /* ResponseParser.swift in Sources */ = {isa = PBXBuildFile; fileRef = 6EAAB30D22692FC700284C33 /* ResponseParser.swift */; };
		6EAAB3102269B61900284C33 /* PhotosViewModel.swift in Sources */ = {isa = PBXBuildFile; fileRef = 6EAAB30F2269B61900284C33 /* PhotosViewModel.swift */; };
		7A8028F6627C192D16C6D556 /* Pods_ProofOfConcepts.framework in Frameworks */ = {isa = PBXBuildFile; fileRef = B63A2236904B3ED2488B624D /* Pods_ProofOfConcepts.framework */; };
/* End PBXBuildFile section */

/* Begin PBXContainerItemProxy section */
		6EAAB2D4226893E800284C33 /* PBXContainerItemProxy */ = {
			isa = PBXContainerItemProxy;
			containerPortal = 6EAAB2B7226893E400284C33 /* Project object */;
			proxyType = 1;
			remoteGlobalIDString = 6EAAB2BE226893E400284C33;
			remoteInfo = ProofOfConcepts;
		};
		6EAAB2DF226893E900284C33 /* PBXContainerItemProxy */ = {
			isa = PBXContainerItemProxy;
			containerPortal = 6EAAB2B7226893E400284C33 /* Project object */;
			proxyType = 1;
			remoteGlobalIDString = 6EAAB2BE226893E400284C33;
			remoteInfo = ProofOfConcepts;
		};
/* End PBXContainerItemProxy section */

/* Begin PBXFileReference section */
		3A223BF2F9E8D84D99A06315 /* Pods_ProofOfConceptsTests.framework */ = {isa = PBXFileReference; explicitFileType = wrapper.framework; includeInIndex = 0; path = Pods_ProofOfConceptsTests.framework; sourceTree = BUILT_PRODUCTS_DIR; };
		6EAAB2BF226893E400284C33 /* ProofOfConcepts.app */ = {isa = PBXFileReference; explicitFileType = wrapper.application; includeInIndex = 0; path = ProofOfConcepts.app; sourceTree = BUILT_PRODUCTS_DIR; };
		6EAAB2C2226893E400284C33 /* AppDelegate.swift */ = {isa = PBXFileReference; lastKnownFileType = sourcecode.swift; path = AppDelegate.swift; sourceTree = "<group>"; };
		6EAAB2C9226893E800284C33 /* Assets.xcassets */ = {isa = PBXFileReference; lastKnownFileType = folder.assetcatalog; path = Assets.xcassets; sourceTree = "<group>"; };
		6EAAB2CC226893E800284C33 /* Base */ = {isa = PBXFileReference; lastKnownFileType = file.storyboard; name = Base; path = Base.lproj/LaunchScreen.storyboard; sourceTree = "<group>"; };
		6EAAB2CE226893E800284C33 /* Info.plist */ = {isa = PBXFileReference; lastKnownFileType = text.plist.xml; path = Info.plist; sourceTree = "<group>"; };
		6EAAB2D3226893E800284C33 /* ProofOfConceptsTests.xctest */ = {isa = PBXFileReference; explicitFileType = wrapper.cfbundle; includeInIndex = 0; path = ProofOfConceptsTests.xctest; sourceTree = BUILT_PRODUCTS_DIR; };
		6EAAB2D7226893E800284C33 /* ProofOfConceptsTests.swift */ = {isa = PBXFileReference; lastKnownFileType = sourcecode.swift; path = ProofOfConceptsTests.swift; sourceTree = "<group>"; };
		6EAAB2D9226893E800284C33 /* Info.plist */ = {isa = PBXFileReference; lastKnownFileType = text.plist.xml; path = Info.plist; sourceTree = "<group>"; };
		6EAAB2DE226893E900284C33 /* ProofOfConceptsUITests.xctest */ = {isa = PBXFileReference; explicitFileType = wrapper.cfbundle; includeInIndex = 0; path = ProofOfConceptsUITests.xctest; sourceTree = BUILT_PRODUCTS_DIR; };
		6EAAB2E2226893E900284C33 /* ProofOfConceptsUITests.swift */ = {isa = PBXFileReference; lastKnownFileType = sourcecode.swift; path = ProofOfConceptsUITests.swift; sourceTree = "<group>"; };
		6EAAB2E4226893E900284C33 /* Info.plist */ = {isa = PBXFileReference; lastKnownFileType = text.plist.xml; path = Info.plist; sourceTree = "<group>"; };
		6EAAB2F02268964500284C33 /* PhotoCollectionViewController.swift */ = {isa = PBXFileReference; lastKnownFileType = sourcecode.swift; path = PhotoCollectionViewController.swift; sourceTree = "<group>"; };
		6EAAB2FA22690D4C00284C33 /* Photo.swift */ = {isa = PBXFileReference; lastKnownFileType = sourcecode.swift; path = Photo.swift; sourceTree = "<group>"; };
		6EAAB2FC22692C4700284C33 /* RequestEndPoint.swift */ = {isa = PBXFileReference; lastKnownFileType = sourcecode.swift; path = RequestEndPoint.swift; sourceTree = "<group>"; };
		6EAAB2FE22692C8300284C33 /* Constants.swift */ = {isa = PBXFileReference; lastKnownFileType = sourcecode.swift; path = Constants.swift; sourceTree = "<group>"; };
		6EAAB30022692D2E00284C33 /* RequestManager.swift */ = {isa = PBXFileReference; lastKnownFileType = sourcecode.swift; path = RequestManager.swift; sourceTree = "<group>"; };
		6EAAB30222692DF700284C33 /* RequestPerformer.swift */ = {isa = PBXFileReference; lastKnownFileType = sourcecode.swift; path = RequestPerformer.swift; sourceTree = "<group>"; };
		6EAAB30522692F1F00284C33 /* DictionaryEncoder.swift */ = {isa = PBXFileReference; fileEncoding = 4; lastKnownFileType = sourcecode.swift; path = DictionaryEncoder.swift; sourceTree = "<group>"; };
		6EAAB30622692F2000284C33 /* DictionaryErrors.swift */ = {isa = PBXFileReference; fileEncoding = 4; lastKnownFileType = sourcecode.swift; path = DictionaryErrors.swift; sourceTree = "<group>"; };
		6EAAB30722692F2000284C33 /* DictionaryCodingKey.swift */ = {isa = PBXFileReference; fileEncoding = 4; lastKnownFileType = sourcecode.swift; path = DictionaryCodingKey.swift; sourceTree = "<group>"; };
		6EAAB30822692F2000284C33 /* DictionaryDecoder.swift */ = {isa = PBXFileReference; fileEncoding = 4; lastKnownFileType = sourcecode.swift; path = DictionaryDecoder.swift; sourceTree = "<group>"; };
		6EAAB30D22692FC700284C33 /* ResponseParser.swift */ = {isa = PBXFileReference; lastKnownFileType = sourcecode.swift; path = ResponseParser.swift; sourceTree = "<group>"; };
		6EAAB30F2269B61900284C33 /* PhotosViewModel.swift */ = {isa = PBXFileReference; lastKnownFileType = sourcecode.swift; path = PhotosViewModel.swift; sourceTree = "<group>"; };
		95EDF8A4F7846E359383757F /* Pods-ProofOfConceptsTests.debug.xcconfig */ = {isa = PBXFileReference; includeInIndex = 1; lastKnownFileType = text.xcconfig; name = "Pods-ProofOfConceptsTests.debug.xcconfig"; path = "Pods/Target Support Files/Pods-ProofOfConceptsTests/Pods-ProofOfConceptsTests.debug.xcconfig"; sourceTree = "<group>"; };
		B63A2236904B3ED2488B624D /* Pods_ProofOfConcepts.framework */ = {isa = PBXFileReference; explicitFileType = wrapper.framework; includeInIndex = 0; path = Pods_ProofOfConcepts.framework; sourceTree = BUILT_PRODUCTS_DIR; };
		CAE2236647A9D4C28566A4A7 /* Pods_ProofOfConceptsUITests.framework */ = {isa = PBXFileReference; explicitFileType = wrapper.framework; includeInIndex = 0; path = Pods_ProofOfConceptsUITests.framework; sourceTree = BUILT_PRODUCTS_DIR; };
		CF0DD1C20ACF6A2326C18398 /* Pods-ProofOfConceptsTests.release.xcconfig */ = {isa = PBXFileReference; includeInIndex = 1; lastKnownFileType = text.xcconfig; name = "Pods-ProofOfConceptsTests.release.xcconfig"; path = "Pods/Target Support Files/Pods-ProofOfConceptsTests/Pods-ProofOfConceptsTests.release.xcconfig"; sourceTree = "<group>"; };
		DD5CC6D5DDDF9EAF0480269A /* Pods-ProofOfConcepts.debug.xcconfig */ = {isa = PBXFileReference; includeInIndex = 1; lastKnownFileType = text.xcconfig; name = "Pods-ProofOfConcepts.debug.xcconfig"; path = "Pods/Target Support Files/Pods-ProofOfConcepts/Pods-ProofOfConcepts.debug.xcconfig"; sourceTree = "<group>"; };
		DF62A9F383B305FA936B4AB2 /* Pods-ProofOfConcepts.release.xcconfig */ = {isa = PBXFileReference; includeInIndex = 1; lastKnownFileType = text.xcconfig; name = "Pods-ProofOfConcepts.release.xcconfig"; path = "Pods/Target Support Files/Pods-ProofOfConcepts/Pods-ProofOfConcepts.release.xcconfig"; sourceTree = "<group>"; };
		E079FD918B4AD8644CBD2249 /* Pods-ProofOfConceptsUITests.debug.xcconfig */ = {isa = PBXFileReference; includeInIndex = 1; lastKnownFileType = text.xcconfig; name = "Pods-ProofOfConceptsUITests.debug.xcconfig"; path = "Pods/Target Support Files/Pods-ProofOfConceptsUITests/Pods-ProofOfConceptsUITests.debug.xcconfig"; sourceTree = "<group>"; };
		F0613A287F5DE440B8DC5156 /* Pods-ProofOfConceptsUITests.release.xcconfig */ = {isa = PBXFileReference; includeInIndex = 1; lastKnownFileType = text.xcconfig; name = "Pods-ProofOfConceptsUITests.release.xcconfig"; path = "Pods/Target Support Files/Pods-ProofOfConceptsUITests/Pods-ProofOfConceptsUITests.release.xcconfig"; sourceTree = "<group>"; };
/* End PBXFileReference section */

/* Begin PBXFrameworksBuildPhase section */
		6EAAB2BC226893E400284C33 /* Frameworks */ = {
			isa = PBXFrameworksBuildPhase;
			buildActionMask = 2147483647;
			files = (
				7A8028F6627C192D16C6D556 /* Pods_ProofOfConcepts.framework in Frameworks */,
			);
			runOnlyForDeploymentPostprocessing = 0;
		};
		6EAAB2D0226893E800284C33 /* Frameworks */ = {
			isa = PBXFrameworksBuildPhase;
			buildActionMask = 2147483647;
			files = (
				495F0906AF9A9878A9045AFA /* Pods_ProofOfConceptsTests.framework in Frameworks */,
			);
			runOnlyForDeploymentPostprocessing = 0;
		};
		6EAAB2DB226893E900284C33 /* Frameworks */ = {
			isa = PBXFrameworksBuildPhase;
			buildActionMask = 2147483647;
			files = (
				44CA4199A168FB52C0524795 /* Pods_ProofOfConceptsUITests.framework in Frameworks */,
			);
			runOnlyForDeploymentPostprocessing = 0;
		};
/* End PBXFrameworksBuildPhase section */

/* Begin PBXGroup section */
		6EAAB2B6226893E400284C33 = {
			isa = PBXGroup;
			children = (
				6EAAB2C1226893E400284C33 /* ProofOfConcepts */,
				6EAAB2D6226893E800284C33 /* ProofOfConceptsTests */,
				6EAAB2E1226893E900284C33 /* ProofOfConceptsUITests */,
				6EAAB2C0226893E400284C33 /* Products */,
				A48006F236F3314E0CF5F8AE /* Pods */,
				FF5ACFF3DF9E2B2120BB03BA /* Frameworks */,
			);
			sourceTree = "<group>";
		};
		6EAAB2C0226893E400284C33 /* Products */ = {
			isa = PBXGroup;
			children = (
				6EAAB2BF226893E400284C33 /* ProofOfConcepts.app */,
				6EAAB2D3226893E800284C33 /* ProofOfConceptsTests.xctest */,
				6EAAB2DE226893E900284C33 /* ProofOfConceptsUITests.xctest */,
			);
			name = Products;
			sourceTree = "<group>";
		};
		6EAAB2C1226893E400284C33 /* ProofOfConcepts */ = {
			isa = PBXGroup;
			children = (
				6EAAB2F82268FBBB00284C33 /* ViewControllers */,
				6EAAB2F72268FBAF00284C33 /* Views */,
				6EAAB2F62268FBA700284C33 /* ViewModels */,
				6EAAB2F52268FB9800284C33 /* Models */,
				6EAAB2F42268FB8600284C33 /* NetworkLayer */,
				6EAAB2F32268FB7500284C33 /* ThirdPartyLibraries */,
				6EAAB2F22268FB5900284C33 /* Extensions */,
				6EAAB2F92268FBE100284C33 /* SupportingFiles */,
			);
			path = ProofOfConcepts;
			sourceTree = "<group>";
		};
		6EAAB2D6226893E800284C33 /* ProofOfConceptsTests */ = {
			isa = PBXGroup;
			children = (
				6EAAB2D7226893E800284C33 /* ProofOfConceptsTests.swift */,
				6EAAB2D9226893E800284C33 /* Info.plist */,
			);
			path = ProofOfConceptsTests;
			sourceTree = "<group>";
		};
		6EAAB2E1226893E900284C33 /* ProofOfConceptsUITests */ = {
			isa = PBXGroup;
			children = (
				6EAAB2E2226893E900284C33 /* ProofOfConceptsUITests.swift */,
				6EAAB2E4226893E900284C33 /* Info.plist */,
			);
			path = ProofOfConceptsUITests;
			sourceTree = "<group>";
		};
		6EAAB2F22268FB5900284C33 /* Extensions */ = {
			isa = PBXGroup;
			children = (
			);
			path = Extensions;
			sourceTree = "<group>";
		};
		6EAAB2F32268FB7500284C33 /* ThirdPartyLibraries */ = {
			isa = PBXGroup;
			children = (
				6EAAB30422692EEA00284C33 /* New Group */,
			);
			path = ThirdPartyLibraries;
			sourceTree = "<group>";
		};
		6EAAB2F42268FB8600284C33 /* NetworkLayer */ = {
			isa = PBXGroup;
			children = (
				6EAAB2FC22692C4700284C33 /* RequestEndPoint.swift */,
				6EAAB30022692D2E00284C33 /* RequestManager.swift */,
				6EAAB30222692DF700284C33 /* RequestPerformer.swift */,
				6EAAB30D22692FC700284C33 /* ResponseParser.swift */,
			);
			path = NetworkLayer;
			sourceTree = "<group>";
		};
		6EAAB2F52268FB9800284C33 /* Models */ = {
			isa = PBXGroup;
			children = (
				6EAAB2FA22690D4C00284C33 /* Photo.swift */,
			);
			path = Models;
			sourceTree = "<group>";
		};
		6EAAB2F62268FBA700284C33 /* ViewModels */ = {
			isa = PBXGroup;
			children = (
				6EAAB30F2269B61900284C33 /* PhotosViewModel.swift */,
			);
			path = ViewModels;
			sourceTree = "<group>";
		};
		6EAAB2F72268FBAF00284C33 /* Views */ = {
			isa = PBXGroup;
			children = (
			);
			path = Views;
			sourceTree = "<group>";
		};
		6EAAB2F82268FBBB00284C33 /* ViewControllers */ = {
			isa = PBXGroup;
			children = (
				6EAAB2F02268964500284C33 /* PhotoCollectionViewController.swift */,
			);
			path = ViewControllers;
			sourceTree = "<group>";
		};
		6EAAB2F92268FBE100284C33 /* SupportingFiles */ = {
			isa = PBXGroup;
			children = (
				6EAAB2C2226893E400284C33 /* AppDelegate.swift */,
				6EAAB2FE22692C8300284C33 /* Constants.swift */,
				6EAAB2CE226893E800284C33 /* Info.plist */,
				6EAAB2CB226893E800284C33 /* LaunchScreen.storyboard */,
				6EAAB2C9226893E800284C33 /* Assets.xcassets */,
			);
			path = SupportingFiles;
			sourceTree = "<group>";
		};
		6EAAB30422692EEA00284C33 /* New Group */ = {
			isa = PBXGroup;
			children = (
				6EAAB30722692F2000284C33 /* DictionaryCodingKey.swift */,
				6EAAB30822692F2000284C33 /* DictionaryDecoder.swift */,
				6EAAB30522692F1F00284C33 /* DictionaryEncoder.swift */,
				6EAAB30622692F2000284C33 /* DictionaryErrors.swift */,
			);
			path = "New Group";
			sourceTree = "<group>";
		};
		A48006F236F3314E0CF5F8AE /* Pods */ = {
			isa = PBXGroup;
			children = (
				DD5CC6D5DDDF9EAF0480269A /* Pods-ProofOfConcepts.debug.xcconfig */,
				DF62A9F383B305FA936B4AB2 /* Pods-ProofOfConcepts.release.xcconfig */,
				95EDF8A4F7846E359383757F /* Pods-ProofOfConceptsTests.debug.xcconfig */,
				CF0DD1C20ACF6A2326C18398 /* Pods-ProofOfConceptsTests.release.xcconfig */,
				E079FD918B4AD8644CBD2249 /* Pods-ProofOfConceptsUITests.debug.xcconfig */,
				F0613A287F5DE440B8DC5156 /* Pods-ProofOfConceptsUITests.release.xcconfig */,
			);
			name = Pods;
			sourceTree = "<group>";
		};
		FF5ACFF3DF9E2B2120BB03BA /* Frameworks */ = {
			isa = PBXGroup;
			children = (
				B63A2236904B3ED2488B624D /* Pods_ProofOfConcepts.framework */,
				3A223BF2F9E8D84D99A06315 /* Pods_ProofOfConceptsTests.framework */,
				CAE2236647A9D4C28566A4A7 /* Pods_ProofOfConceptsUITests.framework */,
			);
			name = Frameworks;
			sourceTree = "<group>";
		};
/* End PBXGroup section */

/* Begin PBXNativeTarget section */
		6EAAB2BE226893E400284C33 /* ProofOfConcepts */ = {
			isa = PBXNativeTarget;
			buildConfigurationList = 6EAAB2E7226893E900284C33 /* Build configuration list for PBXNativeTarget "ProofOfConcepts" */;
			buildPhases = (
				8E7A4D3023B7C37E664EA279 /* [CP] Check Pods Manifest.lock */,
				6EAAB2BB226893E400284C33 /* Sources */,
				6EAAB2BC226893E400284C33 /* Frameworks */,
				6EAAB2BD226893E400284C33 /* Resources */,
				47EE9513E7E37F1501F54332 /* [CP] Embed Pods Frameworks */,
			);
			buildRules = (
			);
			dependencies = (
			);
			name = ProofOfConcepts;
			productName = ProofOfConcepts;
			productReference = 6EAAB2BF226893E400284C33 /* ProofOfConcepts.app */;
			productType = "com.apple.product-type.application";
		};
		6EAAB2D2226893E800284C33 /* ProofOfConceptsTests */ = {
			isa = PBXNativeTarget;
			buildConfigurationList = 6EAAB2EA226893E900284C33 /* Build configuration list for PBXNativeTarget "ProofOfConceptsTests" */;
			buildPhases = (
				F4DFAA9073E9B68587320E52 /* [CP] Check Pods Manifest.lock */,
				6EAAB2CF226893E800284C33 /* Sources */,
				6EAAB2D0226893E800284C33 /* Frameworks */,
				6EAAB2D1226893E800284C33 /* Resources */,
			);
			buildRules = (
			);
			dependencies = (
				6EAAB2D5226893E800284C33 /* PBXTargetDependency */,
			);
			name = ProofOfConceptsTests;
			productName = ProofOfConceptsTests;
			productReference = 6EAAB2D3226893E800284C33 /* ProofOfConceptsTests.xctest */;
			productType = "com.apple.product-type.bundle.unit-test";
		};
		6EAAB2DD226893E900284C33 /* ProofOfConceptsUITests */ = {
			isa = PBXNativeTarget;
			buildConfigurationList = 6EAAB2ED226893E900284C33 /* Build configuration list for PBXNativeTarget "ProofOfConceptsUITests" */;
			buildPhases = (
				7C5CC7DA35BD0C61196FD12B /* [CP] Check Pods Manifest.lock */,
				6EAAB2DA226893E900284C33 /* Sources */,
				6EAAB2DB226893E900284C33 /* Frameworks */,
				6EAAB2DC226893E900284C33 /* Resources */,
			);
			buildRules = (
			);
			dependencies = (
				6EAAB2E0226893E900284C33 /* PBXTargetDependency */,
			);
			name = ProofOfConceptsUITests;
			productName = ProofOfConceptsUITests;
			productReference = 6EAAB2DE226893E900284C33 /* ProofOfConceptsUITests.xctest */;
			productType = "com.apple.product-type.bundle.ui-testing";
		};
/* End PBXNativeTarget section */

/* Begin PBXProject section */
		6EAAB2B7226893E400284C33 /* Project object */ = {
			isa = PBXProject;
			attributes = {
				LastSwiftUpdateCheck = 1010;
				LastUpgradeCheck = 1010;
				ORGANIZATIONNAME = Infosys;
				TargetAttributes = {
					6EAAB2BE226893E400284C33 = {
						CreatedOnToolsVersion = 10.1;
					};
					6EAAB2D2226893E800284C33 = {
						CreatedOnToolsVersion = 10.1;
						TestTargetID = 6EAAB2BE226893E400284C33;
					};
					6EAAB2DD226893E900284C33 = {
						CreatedOnToolsVersion = 10.1;
						TestTargetID = 6EAAB2BE226893E400284C33;
					};
				};
			};
			buildConfigurationList = 6EAAB2BA226893E400284C33 /* Build configuration list for PBXProject "ProofOfConcepts" */;
			compatibilityVersion = "Xcode 9.3";
			developmentRegion = en;
			hasScannedForEncodings = 0;
			knownRegions = (
				en,
				Base,
			);
			mainGroup = 6EAAB2B6226893E400284C33;
			productRefGroup = 6EAAB2C0226893E400284C33 /* Products */;
			projectDirPath = "";
			projectRoot = "";
			targets = (
				6EAAB2BE226893E400284C33 /* ProofOfConcepts */,
				6EAAB2D2226893E800284C33 /* ProofOfConceptsTests */,
				6EAAB2DD226893E900284C33 /* ProofOfConceptsUITests */,
			);
		};
/* End PBXProject section */

/* Begin PBXResourcesBuildPhase section */
		6EAAB2BD226893E400284C33 /* Resources */ = {
			isa = PBXResourcesBuildPhase;
			buildActionMask = 2147483647;
			files = (
				6EAAB2CD226893E800284C33 /* LaunchScreen.storyboard in Resources */,
				6EAAB2CA226893E800284C33 /* Assets.xcassets in Resources */,
			);
			runOnlyForDeploymentPostprocessing = 0;
		};
		6EAAB2D1226893E800284C33 /* Resources */ = {
			isa = PBXResourcesBuildPhase;
			buildActionMask = 2147483647;
			files = (
			);
			runOnlyForDeploymentPostprocessing = 0;
		};
		6EAAB2DC226893E900284C33 /* Resources */ = {
			isa = PBXResourcesBuildPhase;
			buildActionMask = 2147483647;
			files = (
			);
			runOnlyForDeploymentPostprocessing = 0;
		};
/* End PBXResourcesBuildPhase section */

/* Begin PBXShellScriptBuildPhase section */
		47EE9513E7E37F1501F54332 /* [CP] Embed Pods Frameworks */ = {
			isa = PBXShellScriptBuildPhase;
			buildActionMask = 2147483647;
			files = (
			);
			inputPaths = (
				"${SRCROOT}/Pods/Target Support Files/Pods-ProofOfConcepts/Pods-ProofOfConcepts-frameworks.sh",
				"${BUILT_PRODUCTS_DIR}/Alamofire/Alamofire.framework",
			);
			name = "[CP] Embed Pods Frameworks";
			outputPaths = (
				"${TARGET_BUILD_DIR}/${FRAMEWORKS_FOLDER_PATH}/Alamofire.framework",
			);
			runOnlyForDeploymentPostprocessing = 0;
			shellPath = /bin/sh;
			shellScript = "\"${SRCROOT}/Pods/Target Support Files/Pods-ProofOfConcepts/Pods-ProofOfConcepts-frameworks.sh\"\n";
			showEnvVarsInLog = 0;
		};
		7C5CC7DA35BD0C61196FD12B /* [CP] Check Pods Manifest.lock */ = {
			isa = PBXShellScriptBuildPhase;
			buildActionMask = 2147483647;
			files = (
			);
			inputPaths = (
				"${PODS_PODFILE_DIR_PATH}/Podfile.lock",
				"${PODS_ROOT}/Manifest.lock",
			);
			name = "[CP] Check Pods Manifest.lock";
			outputPaths = (
				"$(DERIVED_FILE_DIR)/Pods-ProofOfConceptsUITests-checkManifestLockResult.txt",
			);
			runOnlyForDeploymentPostprocessing = 0;
			shellPath = /bin/sh;
			shellScript = "diff \"${PODS_PODFILE_DIR_PATH}/Podfile.lock\" \"${PODS_ROOT}/Manifest.lock\" > /dev/null\nif [ $? != 0 ] ; then\n    # print error to STDERR\n    echo \"error: The sandbox is not in sync with the Podfile.lock. Run 'pod install' or update your CocoaPods installation.\" >&2\n    exit 1\nfi\n# This output is used by Xcode 'outputs' to avoid re-running this script phase.\necho \"SUCCESS\" > \"${SCRIPT_OUTPUT_FILE_0}\"\n";
			showEnvVarsInLog = 0;
		};
		8E7A4D3023B7C37E664EA279 /* [CP] Check Pods Manifest.lock */ = {
			isa = PBXShellScriptBuildPhase;
			buildActionMask = 2147483647;
			files = (
			);
			inputPaths = (
				"${PODS_PODFILE_DIR_PATH}/Podfile.lock",
				"${PODS_ROOT}/Manifest.lock",
			);
			name = "[CP] Check Pods Manifest.lock";
			outputPaths = (
				"$(DERIVED_FILE_DIR)/Pods-ProofOfConcepts-checkManifestLockResult.txt",
			);
			runOnlyForDeploymentPostprocessing = 0;
			shellPath = /bin/sh;
			shellScript = "diff \"${PODS_PODFILE_DIR_PATH}/Podfile.lock\" \"${PODS_ROOT}/Manifest.lock\" > /dev/null\nif [ $? != 0 ] ; then\n    # print error to STDERR\n    echo \"error: The sandbox is not in sync with the Podfile.lock. Run 'pod install' or update your CocoaPods installation.\" >&2\n    exit 1\nfi\n# This output is used by Xcode 'outputs' to avoid re-running this script phase.\necho \"SUCCESS\" > \"${SCRIPT_OUTPUT_FILE_0}\"\n";
			showEnvVarsInLog = 0;
		};
		F4DFAA9073E9B68587320E52 /* [CP] Check Pods Manifest.lock */ = {
			isa = PBXShellScriptBuildPhase;
			buildActionMask = 2147483647;
			files = (
			);
			inputPaths = (
				"${PODS_PODFILE_DIR_PATH}/Podfile.lock",
				"${PODS_ROOT}/Manifest.lock",
			);
			name = "[CP] Check Pods Manifest.lock";
			outputPaths = (
				"$(DERIVED_FILE_DIR)/Pods-ProofOfConceptsTests-checkManifestLockResult.txt",
			);
			runOnlyForDeploymentPostprocessing = 0;
			shellPath = /bin/sh;
			shellScript = "diff \"${PODS_PODFILE_DIR_PATH}/Podfile.lock\" \"${PODS_ROOT}/Manifest.lock\" > /dev/null\nif [ $? != 0 ] ; then\n    # print error to STDERR\n    echo \"error: The sandbox is not in sync with the Podfile.lock. Run 'pod install' or update your CocoaPods installation.\" >&2\n    exit 1\nfi\n# This output is used by Xcode 'outputs' to avoid re-running this script phase.\necho \"SUCCESS\" > \"${SCRIPT_OUTPUT_FILE_0}\"\n";
			showEnvVarsInLog = 0;
		};
/* End PBXShellScriptBuildPhase section */

/* Begin PBXSourcesBuildPhase section */
		6EAAB2BB226893E400284C33 /* Sources */ = {
			isa = PBXSourcesBuildPhase;
			buildActionMask = 2147483647;
			files = (
				6EAAB30922692F2000284C33 /* DictionaryEncoder.swift in Sources */,
				6EAAB2FF22692C8300284C33 /* Constants.swift in Sources */,
				6EAAB2FB22690D4C00284C33 /* Photo.swift in Sources */,
				6EAAB2F12268964500284C33 /* PhotoCollectionViewController.swift in Sources */,
				6EAAB30322692DF700284C33 /* RequestPerformer.swift in Sources */,
				6EAAB3102269B61900284C33 /* PhotosViewModel.swift in Sources */,
				6EAAB30C22692F2000284C33 /* DictionaryDecoder.swift in Sources */,
				6EAAB30122692D2E00284C33 /* RequestManager.swift in Sources */,
				6EAAB2FD22692C4700284C33 /* RequestEndPoint.swift in Sources */,
				6EAAB30B22692F2000284C33 /* DictionaryCodingKey.swift in Sources */,
				6EAAB30A22692F2000284C33 /* DictionaryErrors.swift in Sources */,
				6EAAB2C3226893E400284C33 /* AppDelegate.swift in Sources */,
				6EAAB30E22692FC700284C33 /* ResponseParser.swift in Sources */,
			);
			runOnlyForDeploymentPostprocessing = 0;
		};
		6EAAB2CF226893E800284C33 /* Sources */ = {
			isa = PBXSourcesBuildPhase;
			buildActionMask = 2147483647;
			files = (
				6EAAB2D8226893E800284C33 /* ProofOfConceptsTests.swift in Sources */,
			);
			runOnlyForDeploymentPostprocessing = 0;
		};
		6EAAB2DA226893E900284C33 /* Sources */ = {
			isa = PBXSourcesBuildPhase;
			buildActionMask = 2147483647;
			files = (
				6EAAB2E3226893E900284C33 /* ProofOfConceptsUITests.swift in Sources */,
			);
			runOnlyForDeploymentPostprocessing = 0;
		};
/* End PBXSourcesBuildPhase section */

/* Begin PBXTargetDependency section */
		6EAAB2D5226893E800284C33 /* PBXTargetDependency */ = {
			isa = PBXTargetDependency;
			target = 6EAAB2BE226893E400284C33 /* ProofOfConcepts */;
			targetProxy = 6EAAB2D4226893E800284C33 /* PBXContainerItemProxy */;
		};
		6EAAB2E0226893E900284C33 /* PBXTargetDependency */ = {
			isa = PBXTargetDependency;
			target = 6EAAB2BE226893E400284C33 /* ProofOfConcepts */;
			targetProxy = 6EAAB2DF226893E900284C33 /* PBXContainerItemProxy */;
		};
/* End PBXTargetDependency section */

/* Begin PBXVariantGroup section */
		6EAAB2CB226893E800284C33 /* LaunchScreen.storyboard */ = {
			isa = PBXVariantGroup;
			children = (
				6EAAB2CC226893E800284C33 /* Base */,
			);
			name = LaunchScreen.storyboard;
			sourceTree = "<group>";
		};
/* End PBXVariantGroup section */

/* Begin XCBuildConfiguration section */
		6EAAB2E5226893E900284C33 /* Debug */ = {
			isa = XCBuildConfiguration;
			buildSettings = {
				ALWAYS_SEARCH_USER_PATHS = NO;
				CLANG_ANALYZER_NONNULL = YES;
				CLANG_ANALYZER_NUMBER_OBJECT_CONVERSION = YES_AGGRESSIVE;
				CLANG_CXX_LANGUAGE_STANDARD = "gnu++14";
				CLANG_CXX_LIBRARY = "libc++";
				CLANG_ENABLE_MODULES = YES;
				CLANG_ENABLE_OBJC_ARC = YES;
				CLANG_ENABLE_OBJC_WEAK = YES;
				CLANG_WARN_BLOCK_CAPTURE_AUTORELEASING = YES;
				CLANG_WARN_BOOL_CONVERSION = YES;
				CLANG_WARN_COMMA = YES;
				CLANG_WARN_CONSTANT_CONVERSION = YES;
				CLANG_WARN_DEPRECATED_OBJC_IMPLEMENTATIONS = YES;
				CLANG_WARN_DIRECT_OBJC_ISA_USAGE = YES_ERROR;
				CLANG_WARN_DOCUMENTATION_COMMENTS = YES;
				CLANG_WARN_EMPTY_BODY = YES;
				CLANG_WARN_ENUM_CONVERSION = YES;
				CLANG_WARN_INFINITE_RECURSION = YES;
				CLANG_WARN_INT_CONVERSION = YES;
				CLANG_WARN_NON_LITERAL_NULL_CONVERSION = YES;
				CLANG_WARN_OBJC_IMPLICIT_RETAIN_SELF = YES;
				CLANG_WARN_OBJC_LITERAL_CONVERSION = YES;
				CLANG_WARN_OBJC_ROOT_CLASS = YES_ERROR;
				CLANG_WARN_RANGE_LOOP_ANALYSIS = YES;
				CLANG_WARN_STRICT_PROTOTYPES = YES;
				CLANG_WARN_SUSPICIOUS_MOVE = YES;
				CLANG_WARN_UNGUARDED_AVAILABILITY = YES_AGGRESSIVE;
				CLANG_WARN_UNREACHABLE_CODE = YES;
				CLANG_WARN__DUPLICATE_METHOD_MATCH = YES;
				CODE_SIGN_IDENTITY = "iPhone Developer";
				COPY_PHASE_STRIP = NO;
				DEBUG_INFORMATION_FORMAT = dwarf;
				ENABLE_STRICT_OBJC_MSGSEND = YES;
				ENABLE_TESTABILITY = YES;
				GCC_C_LANGUAGE_STANDARD = gnu11;
				GCC_DYNAMIC_NO_PIC = NO;
				GCC_NO_COMMON_BLOCKS = YES;
				GCC_OPTIMIZATION_LEVEL = 0;
				GCC_PREPROCESSOR_DEFINITIONS = (
					"DEBUG=1",
					"$(inherited)",
				);
				GCC_WARN_64_TO_32_BIT_CONVERSION = YES;
				GCC_WARN_ABOUT_RETURN_TYPE = YES_ERROR;
				GCC_WARN_UNDECLARED_SELECTOR = YES;
				GCC_WARN_UNINITIALIZED_AUTOS = YES_AGGRESSIVE;
				GCC_WARN_UNUSED_FUNCTION = YES;
				GCC_WARN_UNUSED_VARIABLE = YES;
				IPHONEOS_DEPLOYMENT_TARGET = 12.1;
				MTL_ENABLE_DEBUG_INFO = INCLUDE_SOURCE;
				MTL_FAST_MATH = YES;
				ONLY_ACTIVE_ARCH = YES;
				SDKROOT = iphoneos;
				SWIFT_ACTIVE_COMPILATION_CONDITIONS = DEBUG;
				SWIFT_OPTIMIZATION_LEVEL = "-Onone";
			};
			name = Debug;
		};
		6EAAB2E6226893E900284C33 /* Release */ = {
			isa = XCBuildConfiguration;
			buildSettings = {
				ALWAYS_SEARCH_USER_PATHS = NO;
				CLANG_ANALYZER_NONNULL = YES;
				CLANG_ANALYZER_NUMBER_OBJECT_CONVERSION = YES_AGGRESSIVE;
				CLANG_CXX_LANGUAGE_STANDARD = "gnu++14";
				CLANG_CXX_LIBRARY = "libc++";
				CLANG_ENABLE_MODULES = YES;
				CLANG_ENABLE_OBJC_ARC = YES;
				CLANG_ENABLE_OBJC_WEAK = YES;
				CLANG_WARN_BLOCK_CAPTURE_AUTORELEASING = YES;
				CLANG_WARN_BOOL_CONVERSION = YES;
				CLANG_WARN_COMMA = YES;
				CLANG_WARN_CONSTANT_CONVERSION = YES;
				CLANG_WARN_DEPRECATED_OBJC_IMPLEMENTATIONS = YES;
				CLANG_WARN_DIRECT_OBJC_ISA_USAGE = YES_ERROR;
				CLANG_WARN_DOCUMENTATION_COMMENTS = YES;
				CLANG_WARN_EMPTY_BODY = YES;
				CLANG_WARN_ENUM_CONVERSION = YES;
				CLANG_WARN_INFINITE_RECURSION = YES;
				CLANG_WARN_INT_CONVERSION = YES;
				CLANG_WARN_NON_LITERAL_NULL_CONVERSION = YES;
				CLANG_WARN_OBJC_IMPLICIT_RETAIN_SELF = YES;
				CLANG_WARN_OBJC_LITERAL_CONVERSION = YES;
				CLANG_WARN_OBJC_ROOT_CLASS = YES_ERROR;
				CLANG_WARN_RANGE_LOOP_ANALYSIS = YES;
				CLANG_WARN_STRICT_PROTOTYPES = YES;
				CLANG_WARN_SUSPICIOUS_MOVE = YES;
				CLANG_WARN_UNGUARDED_AVAILABILITY = YES_AGGRESSIVE;
				CLANG_WARN_UNREACHABLE_CODE = YES;
				CLANG_WARN__DUPLICATE_METHOD_MATCH = YES;
				CODE_SIGN_IDENTITY = "iPhone Developer";
				COPY_PHASE_STRIP = NO;
				DEBUG_INFORMATION_FORMAT = "dwarf-with-dsym";
				ENABLE_NS_ASSERTIONS = NO;
				ENABLE_STRICT_OBJC_MSGSEND = YES;
				GCC_C_LANGUAGE_STANDARD = gnu11;
				GCC_NO_COMMON_BLOCKS = YES;
				GCC_WARN_64_TO_32_BIT_CONVERSION = YES;
				GCC_WARN_ABOUT_RETURN_TYPE = YES_ERROR;
				GCC_WARN_UNDECLARED_SELECTOR = YES;
				GCC_WARN_UNINITIALIZED_AUTOS = YES_AGGRESSIVE;
				GCC_WARN_UNUSED_FUNCTION = YES;
				GCC_WARN_UNUSED_VARIABLE = YES;
				IPHONEOS_DEPLOYMENT_TARGET = 12.1;
				MTL_ENABLE_DEBUG_INFO = NO;
				MTL_FAST_MATH = YES;
				SDKROOT = iphoneos;
				SWIFT_COMPILATION_MODE = wholemodule;
				SWIFT_OPTIMIZATION_LEVEL = "-O";
				VALIDATE_PRODUCT = YES;
			};
			name = Release;
		};
		6EAAB2E8226893E900284C33 /* Debug */ = {
			isa = XCBuildConfiguration;
			baseConfigurationReference = DD5CC6D5DDDF9EAF0480269A /* Pods-ProofOfConcepts.debug.xcconfig */;
			buildSettings = {
				ASSETCATALOG_COMPILER_APPICON_NAME = AppIcon;
				CODE_SIGN_STYLE = Automatic;
				DEVELOPMENT_TEAM = 947K2FPWHH;
				INFOPLIST_FILE = ProofOfConcepts/SupportingFiles/Info.plist;
				LD_RUNPATH_SEARCH_PATHS = (
					"$(inherited)",
					"@executable_path/Frameworks",
				);
				PRODUCT_BUNDLE_IDENTIFIER = com.avinash.ProofOfConcepts;
				PRODUCT_NAME = "$(TARGET_NAME)";
				SWIFT_VERSION = 4.2;
				TARGETED_DEVICE_FAMILY = "1,2";
			};
			name = Debug;
		};
		6EAAB2E9226893E900284C33 /* Release */ = {
			isa = XCBuildConfiguration;
			baseConfigurationReference = DF62A9F383B305FA936B4AB2 /* Pods-ProofOfConcepts.release.xcconfig */;
			buildSettings = {
				ASSETCATALOG_COMPILER_APPICON_NAME = AppIcon;
				CODE_SIGN_STYLE = Automatic;
				DEVELOPMENT_TEAM = 947K2FPWHH;
				INFOPLIST_FILE = ProofOfConcepts/SupportingFiles/Info.plist;
				LD_RUNPATH_SEARCH_PATHS = (
					"$(inherited)",
					"@executable_path/Frameworks",
				);
				PRODUCT_BUNDLE_IDENTIFIER = com.avinash.ProofOfConcepts;
				PRODUCT_NAME = "$(TARGET_NAME)";
				SWIFT_VERSION = 4.2;
				TARGETED_DEVICE_FAMILY = "1,2";
			};
			name = Release;
		};
		6EAAB2EB226893E900284C33 /* Debug */ = {
			isa = XCBuildConfiguration;
			baseConfigurationReference = 95EDF8A4F7846E359383757F /* Pods-ProofOfConceptsTests.debug.xcconfig */;
			buildSettings = {
				ALWAYS_EMBED_SWIFT_STANDARD_LIBRARIES = YES;
				BUNDLE_LOADER = "$(TEST_HOST)";
				CODE_SIGN_STYLE = Automatic;
				DEVELOPMENT_TEAM = 947K2FPWHH;
				INFOPLIST_FILE = ProofOfConceptsTests/Info.plist;
				LD_RUNPATH_SEARCH_PATHS = (
					"$(inherited)",
					"@executable_path/Frameworks",
					"@loader_path/Frameworks",
				);
				PRODUCT_BUNDLE_IDENTIFIER = com.avinash.ProofOfConceptsTests;
				PRODUCT_NAME = "$(TARGET_NAME)";
				SWIFT_VERSION = 4.2;
				TARGETED_DEVICE_FAMILY = "1,2";
				TEST_HOST = "$(BUILT_PRODUCTS_DIR)/ProofOfConcepts.app/ProofOfConcepts";
			};
			name = Debug;
		};
		6EAAB2EC226893E900284C33 /* Release */ = {
			isa = XCBuildConfiguration;
			baseConfigurationReference = CF0DD1C20ACF6A2326C18398 /* Pods-ProofOfConceptsTests.release.xcconfig */;
			buildSettings = {
				ALWAYS_EMBED_SWIFT_STANDARD_LIBRARIES = YES;
				BUNDLE_LOADER = "$(TEST_HOST)";
				CODE_SIGN_STYLE = Automatic;
				DEVELOPMENT_TEAM = 947K2FPWHH;
				INFOPLIST_FILE = ProofOfConceptsTests/Info.plist;
				LD_RUNPATH_SEARCH_PATHS = (
					"$(inherited)",
					"@executable_path/Frameworks",
					"@loader_path/Frameworks",
				);
				PRODUCT_BUNDLE_IDENTIFIER = com.avinash.ProofOfConceptsTests;
				PRODUCT_NAME = "$(TARGET_NAME)";
				SWIFT_VERSION = 4.2;
				TARGETED_DEVICE_FAMILY = "1,2";
				TEST_HOST = "$(BUILT_PRODUCTS_DIR)/ProofOfConcepts.app/ProofOfConcepts";
			};
			name = Release;
		};
		6EAAB2EE226893E900284C33 /* Debug */ = {
			isa = XCBuildConfiguration;
			baseConfigurationReference = E079FD918B4AD8644CBD2249 /* Pods-ProofOfConceptsUITests.debug.xcconfig */;
			buildSettings = {
				ALWAYS_EMBED_SWIFT_STANDARD_LIBRARIES = YES;
				CODE_SIGN_STYLE = Automatic;
				DEVELOPMENT_TEAM = 947K2FPWHH;
				INFOPLIST_FILE = ProofOfConceptsUITests/Info.plist;
				LD_RUNPATH_SEARCH_PATHS = (
					"$(inherited)",
					"@executable_path/Frameworks",
					"@loader_path/Frameworks",
				);
				PRODUCT_BUNDLE_IDENTIFIER = com.avinash.ProofOfConceptsUITests;
				PRODUCT_NAME = "$(TARGET_NAME)";
				SWIFT_VERSION = 4.2;
				TARGETED_DEVICE_FAMILY = "1,2";
				TEST_TARGET_NAME = ProofOfConcepts;
			};
			name = Debug;
		};
		6EAAB2EF226893E900284C33 /* Release */ = {
			isa = XCBuildConfiguration;
			baseConfigurationReference = F0613A287F5DE440B8DC5156 /* Pods-ProofOfConceptsUITests.release.xcconfig */;
			buildSettings = {
				ALWAYS_EMBED_SWIFT_STANDARD_LIBRARIES = YES;
				CODE_SIGN_STYLE = Automatic;
				DEVELOPMENT_TEAM = 947K2FPWHH;
				INFOPLIST_FILE = ProofOfConceptsUITests/Info.plist;
				LD_RUNPATH_SEARCH_PATHS = (
					"$(inherited)",
					"@executable_path/Frameworks",
					"@loader_path/Frameworks",
				);
				PRODUCT_BUNDLE_IDENTIFIER = com.avinash.ProofOfConceptsUITests;
				PRODUCT_NAME = "$(TARGET_NAME)";
				SWIFT_VERSION = 4.2;
				TARGETED_DEVICE_FAMILY = "1,2";
				TEST_TARGET_NAME = ProofOfConcepts;
			};
			name = Release;
		};
/* End XCBuildConfiguration section */

/* Begin XCConfigurationList section */
		6EAAB2BA226893E400284C33 /* Build configuration list for PBXProject "ProofOfConcepts" */ = {
			isa = XCConfigurationList;
			buildConfigurations = (
				6EAAB2E5226893E900284C33 /* Debug */,
				6EAAB2E6226893E900284C33 /* Release */,
			);
			defaultConfigurationIsVisible = 0;
			defaultConfigurationName = Release;
		};
		6EAAB2E7226893E900284C33 /* Build configuration list for PBXNativeTarget "ProofOfConcepts" */ = {
			isa = XCConfigurationList;
			buildConfigurations = (
				6EAAB2E8226893E900284C33 /* Debug */,
				6EAAB2E9226893E900284C33 /* Release */,
			);
			defaultConfigurationIsVisible = 0;
			defaultConfigurationName = Release;
		};
		6EAAB2EA226893E900284C33 /* Build configuration list for PBXNativeTarget "ProofOfConceptsTests" */ = {
			isa = XCConfigurationList;
			buildConfigurations = (
				6EAAB2EB226893E900284C33 /* Debug */,
				6EAAB2EC226893E900284C33 /* Release */,
			);
			defaultConfigurationIsVisible = 0;
			defaultConfigurationName = Release;
		};
		6EAAB2ED226893E900284C33 /* Build configuration list for PBXNativeTarget "ProofOfConceptsUITests" */ = {
			isa = XCConfigurationList;
			buildConfigurations = (
				6EAAB2EE226893E900284C33 /* Debug */,
				6EAAB2EF226893E900284C33 /* Release */,
			);
			defaultConfigurationIsVisible = 0;
			defaultConfigurationName = Release;
		};
/* End XCConfigurationList section */
	};
	rootObject = 6EAAB2B7226893E400284C33 /* Project object */;
}
